github.com/google/go-cmp v0.6.0 h1:ofyhxvXcZhMsU5ulbFiLKl/XBFqE1GSq7atu8tAmTRI=
github.com/google/go-cmp v0.6.0/go.mod h1:17dUlkBOakJ0+DkrSSNjCkIjxS6bF9zb3elmeNGIjoY=
github.com/gorilla/schema v1.2.0 h1:YufUaxZYCKGFuAq3c96BOhjgd5nmXiOY9NGzF247Tsc=
github.com/gorilla/schema v1.2.0/go.mod h1:kgLaKoK1FELgZqMAVxx/5cbj0kT+57qxUrAlIO2eleU=
